
Microsoft Visual Studio Solution File, Format Version 12.00
# Visual Studio 15
VisualStudioVersion = 15.0.27130.2020
MinimumVisualStudioVersion = 10.0.40219.1
Project("{8BC9CEB8-8B4A-11D0-8D11-00A0C91BC942}") = "VulkanTutorial", "VulkanTutorial\VulkanTutorial.vcxproj", "{235C477D-7824-4938-8F5D-B6B1BCAFA7ED}"
EndProject
Global
	GlobalSection(SolutionConfigurationPlatforms) = preSolution
		Debug|x64 = Debug|x64
		Debug|x86 = Debug|x86
		Release|x64 = Release|x64
		Release|x86 = Release|x86
	EndGlobalSection
	GlobalSection(ProjectConfigurationPlatforms) = postSolution
		{235C477D-7824-4938-8F5D-B6B1BCAFA7ED}.Debug|x64.ActiveCfg = Debug|x64
		{235C477D-7824-4938-8F5D-B6B1BCAFA7ED}.Debug|x64.Build.0 = Debug|x64
		{235C477D-7824-4938-8F5D-B6B1BCAFA7ED}.Debug|x86.ActiveCfg = Debug|Win32
		{235C477D-7824-4938-8F5D-B6B1BCAFA7ED}.Debug|x86.Build.0 = Debug|Win32
		{235C477D-7824-4938-8F5D-B6B1BCAFA7ED}.Release|x64.ActiveCfg = Release|x64
		{235C477D-7824-4938-8F5D-B6B1BCAFA7ED}.Release|x64.Build.0 = Release|x64
		{235C477D-7824-4938-8F5D-B6B1BCAFA7ED}.Release|x86.ActiveCfg = Release|Win32
		{235C477D-7824-4938-8F5D-B6B1BCAFA7ED}.Release|x86.Build.0 = Release|Win32
	EndGlobalSection
	GlobalSection(SolutionProperties) = preSolution
		HideSolutionNode = FALSE
	EndGlobalSection
	GlobalSection(ExtensibilityGlobals) = postSolution
		SolutionGuid = {290A469D-F5B1-42B4-B1D0-334B7AA5A12C}
	EndGlobalSection
EndGlobal
